// !$*UTF8*$!
{
	archiveVersion = 1;
	classes = {
	};
	objectVersion = 46;
	objects = {

/* Begin PBXBuildFile section */
		4853C0539A774C17BE3EEE26 /* libPods-Demo.a in Frameworks */ = {isa = PBXBuildFile; fileRef = 4C04B35A9D2B446A9217AACC /* libPods-Demo.a */; };
		A1ABC7CB191EC3FD0020A964 /* Foundation.framework in Frameworks */ = {isa = PBXBuildFile; fileRef = A1ABC7CA191EC3FD0020A964 /* Foundation.framework */; };
		A1ABC7CD191EC3FD0020A964 /* CoreGraphics.framework in Frameworks */ = {isa = PBXBuildFile; fileRef = A1ABC7CC191EC3FD0020A964 /* CoreGraphics.framework */; };
		A1ABC7CF191EC3FD0020A964 /* UIKit.framework in Frameworks */ = {isa = PBXBuildFile; fileRef = A1ABC7CE191EC3FD0020A964 /* UIKit.framework */; };
		A1ABC7D7191EC3FD0020A964 /* main.m in Sources */ = {isa = PBXBuildFile; fileRef = A1ABC7D6191EC3FD0020A964 /* main.m */; };
		A1ABC7DB191EC3FD0020A964 /* CPDAppDelegate.m in Sources */ = {isa = PBXBuildFile; fileRef = A1ABC7DA191EC3FD0020A964 /* CPDAppDelegate.m */; };
/* End PBXBuildFile section */

/* Begin PBXFileReference section */
		4C04B35A9D2B446A9217AACC /* libPods-Demo.a */ = {isa = PBXFileReference; explicitFileType = archive.ar; includeInIndex = 0; path = "libPods-Demo.a"; sourceTree = BUILT_PRODUCTS_DIR; };
		7CFEA877168EBDC2F0454AD7 /* Pods-Demo.debug.xcconfig */ = {isa = PBXFileReference; includeInIndex = 1; lastKnownFileType = text.xcconfig; name = "Pods-Demo.debug.xcconfig"; path = "Pods/Target Support Files/Pods-Demo/Pods-Demo.debug.xcconfig"; sourceTree = "<group>"; };
		A1ABC7C7191EC3FD0020A964 /* Demo.app */ = {isa = PBXFileReference; explicitFileType = wrapper.application; includeInIndex = 0; path = Demo.app; sourceTree = BUILT_PRODUCTS_DIR; };
		A1ABC7CA191EC3FD0020A964 /* Foundation.framework */ = {isa = PBXFileReference; lastKnownFileType = wrapper.framework; name = Foundation.framework; path = System/Library/Frameworks/Foundation.framework; sourceTree = SDKROOT; };
		A1ABC7CC191EC3FD0020A964 /* CoreGraphics.framework */ = {isa = PBXFileReference; lastKnownFileType = wrapper.framework; name = CoreGraphics.framework; path = System/Library/Frameworks/CoreGraphics.framework; sourceTree = SDKROOT; };
		A1ABC7CE191EC3FD0020A964 /* UIKit.framework */ = {isa = PBXFileReference; lastKnownFileType = wrapper.framework; name = UIKit.framework; path = System/Library/Frameworks/UIKit.framework; sourceTree = SDKROOT; };
		A1ABC7D2191EC3FD0020A964 /* Demo-Info.plist */ = {isa = PBXFileReference; lastKnownFileType = text.plist.xml; path = "Demo-Info.plist"; sourceTree = "<group>"; };
		A1ABC7D6191EC3FD0020A964 /* main.m */ = {isa = PBXFileReference; lastKnownFileType = sourcecode.c.objc; path = main.m; sourceTree = "<group>"; };
		A1ABC7D8191EC3FD0020A964 /* Demo-Prefix.pch */ = {isa = PBXFileReference; lastKnownFileType = sourcecode.c.h; path = "Demo-Prefix.pch"; sourceTree = "<group>"; };
		A1ABC7D9191EC3FD0020A964 /* CPDAppDelegate.h */ = {isa = PBXFileReference; lastKnownFileType = sourcecode.c.h; path = CPDAppDelegate.h; sourceTree = "<group>"; };
		A1ABC7DA191EC3FD0020A964 /* CPDAppDelegate.m */ = {isa = PBXFileReference; lastKnownFileType = sourcecode.c.objc; path = CPDAppDelegate.m; sourceTree = "<group>"; };
		A1ABC7E3191EC3FD0020A964 /* XCTest.framework */ = {isa = PBXFileReference; lastKnownFileType = wrapper.framework; name = XCTest.framework; path = Library/Frameworks/XCTest.framework; sourceTree = DEVELOPER_DIR; };
		D758937715EE9CF6F6C6AC90 /* Pods-Demo.release.xcconfig */ = {isa = PBXFileReference; includeInIndex = 1; lastKnownFileType = text.xcconfig; name = "Pods-Demo.release.xcconfig"; path = "Pods/Target Support Files/Pods-Demo/Pods-Demo.release.xcconfig"; sourceTree = "<group>"; };
/* End PBXFileReference section */

/* Begin PBXFrameworksBuildPhase section */
		A1ABC7C4191EC3FD0020A964 /* Frameworks */ = {
			isa = PBXFrameworksBuildPhase;
			buildActionMask = 2147483647;
			files = (
				A1ABC7CD191EC3FD0020A964 /* CoreGraphics.framework in Frameworks */,
				A1ABC7CF191EC3FD0020A964 /* UIKit.framework in Frameworks */,
				A1ABC7CB191EC3FD0020A964 /* Foundation.framework in Frameworks */,
				4853C0539A774C17BE3EEE26 /* libPods-Demo.a in Frameworks */,
			);
			runOnlyForDeploymentPostprocessing = 0;
		};
/* End PBXFrameworksBuildPhase section */

/* Begin PBXGroup section */
		A1ABC7BE191EC3FD0020A964 = {
			isa = PBXGroup;
			children = (
				A1ABC7D0191EC3FD0020A964 /* Code */,
				A1ABC7C9191EC3FD0020A964 /* Frameworks */,
				BD9327431FB9AAB44BB82D53 /* Pods */,
				A1ABC7C8191EC3FD0020A964 /* Products */,
				A1ABC7D1191EC3FD0020A964 /* Supporting Files */,
			);
			sourceTree = "<group>";
		};
		A1ABC7C8191EC3FD0020A964 /* Products */ = {
			isa = PBXGroup;
			children = (
				A1ABC7C7191EC3FD0020A964 /* Demo.app */,
			);
			name = Products;
			sourceTree = "<group>";
		};
		A1ABC7C9191EC3FD0020A964 /* Frameworks */ = {
			isa = PBXGroup;
			children = (
				A1ABC7CA191EC3FD0020A964 /* Foundation.framework */,
				A1ABC7CC191EC3FD0020A964 /* CoreGraphics.framework */,
				A1ABC7CE191EC3FD0020A964 /* UIKit.framework */,
				A1ABC7E3191EC3FD0020A964 /* XCTest.framework */,
				4C04B35A9D2B446A9217AACC /* libPods-Demo.a */,
			);
			name = Frameworks;
			sourceTree = "<group>";
		};
		A1ABC7D0191EC3FD0020A964 /* Code */ = {
			isa = PBXGroup;
			children = (
				A1ABC7D9191EC3FD0020A964 /* CPDAppDelegate.h */,
				A1ABC7DA191EC3FD0020A964 /* CPDAppDelegate.m */,
			);
			name = Code;
			path = Demo;
			sourceTree = "<group>";
		};
		A1ABC7D1191EC3FD0020A964 /* Supporting Files */ = {
			isa = PBXGroup;
			children = (
				A1ABC7D2191EC3FD0020A964 /* Demo-Info.plist */,
				A1ABC7D8191EC3FD0020A964 /* Demo-Prefix.pch */,
				A1ABC7D6191EC3FD0020A964 /* main.m */,
			);
			name = "Supporting Files";
			path = Demo;
			sourceTree = "<group>";
		};
		BD9327431FB9AAB44BB82D53 /* Pods */ = {
			isa = PBXGroup;
			children = (
				7CFEA877168EBDC2F0454AD7 /* Pods-Demo.debug.xcconfig */,
				D758937715EE9CF6F6C6AC90 /* Pods-Demo.release.xcconfig */,
			);
			name = Pods;
			sourceTree = "<group>";
		};
/* End PBXGroup section */

/* Begin PBXNativeTarget section */
		A1ABC7C6191EC3FD0020A964 /* Demo */ = {
			isa = PBXNativeTarget;
			buildConfigurationList = A1ABC7F3191EC3FD0020A964 /* Build configuration list for PBXNativeTarget "Demo" */;
			buildPhases = (
				1575F39340964520A6BF0579 /* Check Pods Manifest.lock */,
				A1ABC7C3191EC3FD0020A964 /* Sources */,
				A1ABC7C4191EC3FD0020A964 /* Frameworks */,
				A1ABC7C5191EC3FD0020A964 /* Resources */,
				EC278D6462F445D8A008F5DF /* Copy Pods Resources */,
				A7683CBEABA8C0E37293ECBB /* Embed Pods Frameworks */,
			);
			buildRules = (
			);
			dependencies = (
			);
			name = Demo;
			productName = Demo;
			productReference = A1ABC7C7191EC3FD0020A964 /* Demo.app */;
			productType = "com.apple.product-type.application";
		};
/* End PBXNativeTarget section */

/* Begin PBXProject section */
		A1ABC7BF191EC3FD0020A964 /* Project object */ = {
			isa = PBXProject;
			attributes = {
				CLASSPREFIX = CPD;
				LastUpgradeCheck = 0700;
				ORGANIZATIONNAME = "Boris Bügling";
			};
			buildConfigurationList = A1ABC7C2191EC3FD0020A964 /* Build configuration list for PBXProject "Demo" */;
			compatibilityVersion = "Xcode 3.2";
			developmentRegion = English;
			hasScannedForEncodings = 0;
			knownRegions = (
				en,
			);
			mainGroup = A1ABC7BE191EC3FD0020A964;
			productRefGroup = A1ABC7C8191EC3FD0020A964 /* Products */;
			projectDirPath = "";
			projectRoot = "";
			targets = (
				A1ABC7C6191EC3FD0020A964 /* Demo */,
			);
		};
/* End PBXProject section */

/* Begin PBXResourcesBuildPhase section */
		A1ABC7C5191EC3FD0020A964 /* Resources */ = {
			isa = PBXResourcesBuildPhase;
			buildActionMask = 2147483647;
			files = (
			);
			runOnlyForDeploymentPostprocessing = 0;
		};
/* End PBXResourcesBuildPhase section */

/* Begin PBXShellScriptBuildPhase section */
		1575F39340964520A6BF0579 /* Check Pods Manifest.lock */ = {
			isa = PBXShellScriptBuildPhase;
			buildActionMask = 2147483647;
			files = (
			);
			inputPaths = (
			);
			name = "Check Pods Manifest.lock";
			outputPaths = (
			);
			runOnlyForDeploymentPostprocessing = 0;
			shellPath = /bin/sh;
			shellScript = "diff \"${PODS_ROOT}/../Podfile.lock\" \"${PODS_ROOT}/Manifest.lock\" > /dev/null\nif [[ $? != 0 ]] ; then\n    cat << EOM\nerror: The sandbox is not in sync with the Podfile.lock. Run 'pod install' or update your CocoaPods installation.\nEOM\n    exit 1\nfi\n";
			showEnvVarsInLog = 0;
		};
		A7683CBEABA8C0E37293ECBB /* Embed Pods Frameworks */ = {
			isa = PBXShellScriptBuildPhase;
			buildActionMask = 2147483647;
			files = (
			);
			inputPaths = (
			);
			name = "Embed Pods Frameworks";
			outputPaths = (
			);
			runOnlyForDeploymentPostprocessing = 0;
			shellPath = /bin/sh;
			shellScript = "\"${SRCROOT}/Pods/Target Support Files/Pods-Demo/Pods-Demo-frameworks.sh\"\n";
			showEnvVarsInLog = 0;
		};
		EC278D6462F445D8A008F5DF /* Copy Pods Resources */ = {
			isa = PBXShellScriptBuildPhase;
			buildActionMask = 2147483647;
			files = (
			);
			inputPaths = (
			);
			name = "Copy Pods Resources";
			outputPaths = (
			);
			runOnlyForDeploymentPostprocessing = 0;
			shellPath = /bin/sh;
			shellScript = "\"${SRCROOT}/Pods/Target Support Files/Pods-Demo/Pods-Demo-resources.sh\"\n";
			showEnvVarsInLog = 0;
		};
/* End PBXShellScriptBuildPhase section */

/* Begin PBXSourcesBuildPhase section */
		A1ABC7C3191EC3FD0020A964 /* Sources */ = {
			isa = PBXSourcesBuildPhase;
			buildActionMask = 2147483647;
			files = (
				A1ABC7DB191EC3FD0020A964 /* CPDAppDelegate.m in Sources */,
				A1ABC7D7191EC3FD0020A964 /* main.m in Sources */,
			);
			runOnlyForDeploymentPostprocessing = 0;
		};
/* End PBXSourcesBuildPhase section */

/* Begin XCBuildConfiguration section */
		A1ABC7F1191EC3FD0020A964 /* Debug */ = {
			isa = XCBuildConfiguration;
			buildSettings = {
				ALWAYS_SEARCH_USER_PATHS = NO;
				CLANG_CXX_LANGUAGE_STANDARD = "gnu++0x";
				CLANG_CXX_LIBRARY = "libc++";
				CLANG_ENABLE_MODULES = YES;
				CLANG_ENABLE_OBJC_ARC = YES;
				CLANG_WARN_BOOL_CONVERSION = YES;
				CLANG_WARN_CONSTANT_CONVERSION = YES;
				CLANG_WARN_DIRECT_OBJC_ISA_USAGE = YES_ERROR;
				CLANG_WARN_EMPTY_BODY = YES;
				CLANG_WARN_ENUM_CONVERSION = YES;
				CLANG_WARN_INT_CONVERSION = YES;
				CLANG_WARN_OBJC_ROOT_CLASS = YES_ERROR;
				CLANG_WARN__DUPLICATE_METHOD_MATCH = YES;
				"CODE_SIGN_IDENTITY[sdk=iphoneos*]" = "iPhone Developer";
				COPY_PHASE_STRIP = NO;
				ENABLE_TESTABILITY = YES;
				GCC_C_LANGUAGE_STANDARD = gnu99;
				GCC_DYNAMIC_NO_PIC = NO;
				GCC_OPTIMIZATION_LEVEL = 0;
				GCC_PREPROCESSOR_DEFINITIONS = (
					"DEBUG=1",
					"$(inherited)",
				);
				GCC_SYMBOLS_PRIVATE_EXTERN = NO;
				GCC_WARN_64_TO_32_BIT_CONVERSION = YES;
				GCC_WARN_ABOUT_RETURN_TYPE = YES_ERROR;
				GCC_WARN_UNDECLARED_SELECTOR = YES;
				GCC_WARN_UNINITIALIZED_AUTOS = YES_AGGRESSIVE;
				GCC_WARN_UNUSED_FUNCTION = YES;
				GCC_WARN_UNUSED_VARIABLE = YES;
				IPHONEOS_DEPLOYMENT_TARGET = 5.0;
				ONLY_ACTIVE_ARCH = YES;
				SDKROOT = iphoneos;
			};
			name = Debug;
		};
		A1ABC7F2191EC3FD0020A964 /* Release */ = {
			isa = XCBuildConfiguration;
			buildSettings = {
				ALWAYS_SEARCH_USER_PATHS = NO;
				CLANG_CXX_LANGUAGE_STANDARD = "gnu++0x";
				CLANG_CXX_LIBRARY = "libc++";
				CLANG_ENABLE_MODULES = YES;
				CLANG_ENABLE_OBJC_ARC = YES;
				CLANG_WARN_BOOL_CONVERSION = YES;
				CLANG_WARN_CONSTANT_CONVERSION = YES;
				CLANG_WARN_DIRECT_OBJC_ISA_USAGE = YES_ERROR;
				CLANG_WARN_EMPTY_BODY = YES;
				CLANG_WARN_ENUM_CONVERSION = YES;
				CLANG_WARN_INT_CONVERSION = YES;
				CLANG_WARN_OBJC_ROOT_CLASS = YES_ERROR;
				CLANG_WARN__DUPLICATE_METHOD_MATCH = YES;
				"CODE_SIGN_IDENTITY[sdk=iphoneos*]" = "iPhone Developer";
				COPY_PHASE_STRIP = YES;
				ENABLE_NS_ASSERTIONS = NO;
				GCC_C_LANGUAGE_STANDARD = gnu99;
				GCC_WARN_64_TO_32_BIT_CONVERSION = YES;
				GCC_WARN_ABOUT_RETURN_TYPE = YES_ERROR;
				GCC_WARN_UNDECLARED_SELECTOR = YES;
				GCC_WARN_UNINITIALIZED_AUTOS = YES_AGGRESSIVE;
				GCC_WARN_UNUSED_FUNCTION = YES;
				GCC_WARN_UNUSED_VARIABLE = YES;
				IPHONEOS_DEPLOYMENT_TARGET = 5.0;
				SDKROOT = iphoneos;
				VALIDATE_PRODUCT = YES;
			};
			name = Release;
		};
		A1ABC7F4191EC3FD0020A964 /* Debug */ = {
			isa = XCBuildConfiguration;
			baseConfigurationReference = 7CFEA877168EBDC2F0454AD7 /* Pods-Demo.debug.xcconfig */;
			buildSettings = {
				ASSETCATALOG_COMPILER_APPICON_NAME = AppIcon;
				ASSETCATALOG_COMPILER_LAUNCHIMAGE_NAME = LaunchImage;
				GCC_PRECOMPILE_PREFIX_HEADER = YES;
				GCC_PREFIX_HEADER = "Demo/Demo-Prefix.pch";
				INFOPLIST_FILE = "Demo/Demo-Info.plist";
				PRODUCT_BUNDLE_IDENTIFIER = "org.vu0.${PRODUCT_NAME:rfc1034identifier}";
				PRODUCT_NAME = "$(TARGET_NAME)";
				WRAPPER_EXTENSION = app;
			};
			name = Debug;
		};
		A1ABC7F5191EC3FD0020A964 /* Release */ = {
			isa = XCBuildConfiguration;
			baseConfigurationReference = D758937715EE9CF6F6C6AC90 /* Pods-Demo.release.xcconfig */;
			buildSettings = {
				ASSETCATALOG_COMPILER_APPICON_NAME = AppIcon;
				ASSETCATALOG_COMPILER_LAUNCHIMAGE_NAME = LaunchImage;
				GCC_PRECOMPILE_PREFIX_HEADER = YES;
				GCC_PREFIX_HEADER = "Demo/Demo-Prefix.pch";
				INFOPLIST_FILE = "Demo/Demo-Info.plist";
				PRODUCT_BUNDLE_IDENTIFIER = "org.vu0.${PRODUCT_NAME:rfc1034identifier}";
				PRODUCT_NAME = "$(TARGET_NAME)";
				WRAPPER_EXTENSION = app;
			};
			name = Release;
		};
/* End XCBuildConfiguration section */

/* Begin XCConfigurationList section */
		A1ABC7C2191EC3FD0020A964 /* Build configuration list for PBXProject "Demo" */ = {
			isa = XCConfigurationList;
			buildConfigurations = (
				A1ABC7F1191EC3FD0020A964 /* Debug */,
				A1ABC7F2191EC3FD0020A964 /* Release */,
			);
			defaultConfigurationIsVisible = 0;
			defaultConfigurationName = Release;
		};
		A1ABC7F3191EC3FD0020A964 /* Build configuration list for PBXNativeTarget "Demo" */ = {
			isa = XCConfigurationList;
			buildConfigurations = (
				A1ABC7F4191EC3FD0020A964 /* Debug */,
				A1ABC7F5191EC3FD0020A964 /* Release */,
			);
			defaultConfigurationIsVisible = 0;
			defaultConfigurationName = Release;
		};
/* End XCConfigurationList section */
	};
	rootObject = A1ABC7BF191EC3FD0020A964 /* Project object */;
}
